
Microsoft Visual Studio Solution File, Format Version 9.00
# Visual Studio 2005
Project("{FAE04EC0-301F-11D3-BF4B-00C04F79EFBC}") = "PMCS", "PMCS\PMCS.csproj", "{759EF292-E561-49EB-A53E-B6809E94031A}"
EndProject
Global
	GlobalSection(SolutionConfigurationPlatforms) = preSolution
		Debug|Any CPU = Debug|Any CPU
		Release|Any CPU = Release|Any CPU
	EndGlobalSection
	GlobalSection(ProjectConfigurationPlatforms) = postSolution
		{759EF292-E561-49EB-A53E-B6809E94031A}.Debug|Any CPU.ActiveCfg = Debug|Any CPU
		{759EF292-E561-49EB-A53E-B6809E94031A}.Debug|Any CPU.Build.0 = Debug|Any CPU
		{759EF292-E561-49EB-A53E-B6809E94031A}.Release|Any CPU.ActiveCfg = Release|Any CPU
		{759EF292-E561-49EB-A53E-B6809E94031A}.Release|Any CPU.Build.0 = Release|Any CPU
	EndGlobalSection
	GlobalSection(SolutionProperties) = preSolution
		HideSolutionNode = FALSE
	EndGlobalSection
EndGlobal
